
Microsoft Visual Studio Solution File, Format Version 11.00
# Visual Studio 2010
Project("{FAE04EC0-301F-11D3-BF4B-00C04F79EFBC}") = "Assembly-CSharp", "Assembly-CSharp.csproj", "{A5A9A968-A461-04B9-5E16-0970C3340F67}"
EndProject
Project("{FAE04EC0-301F-11D3-BF4B-00C04F79EFBC}") = "Unity.PackageManagerUI.EditorTests", "Unity.PackageManagerUI.EditorTests.csproj", "{A1156EC3-8E98-737B-7257-54A606A15DB7}"
EndProject
Project("{FAE04EC0-301F-11D3-BF4B-00C04F79EFBC}") = "Unity.PackageManagerUI.Editor", "Unity.PackageManagerUI.Editor.csproj", "{0B1FC63C-9A11-0A60-BFDE-C6792CE3D707}"
EndProject
Project("{FAE04EC0-301F-11D3-BF4B-00C04F79EFBC}") = "UnityEditor.StandardEvents", "UnityEditor.StandardEvents.csproj", "{237B4CF0-797A-3439-4812-9C0BC5D1D203}"
EndProject
Project("{FAE04EC0-301F-11D3-BF4B-00C04F79EFBC}") = "Assembly-CSharp-Editor", "Assembly-CSharp-Editor.csproj", "{D9A4DE62-7BD7-BD63-4F3B-6D67A64DAE2D}"
EndProject
Global
	GlobalSection(SolutionConfigurationPlatforms) = preSolution
		Debug|Any CPU = Debug|Any CPU
		Release|Any CPU = Release|Any CPU
	EndGlobalSection
	GlobalSection(ProjectConfigurationPlatforms) = postSolution
		{A5A9A968-A461-04B9-5E16-0970C3340F67}.Debug|Any CPU.ActiveCfg = Debug|Any CPU
		{A5A9A968-A461-04B9-5E16-0970C3340F67}.Debug|Any CPU.Build.0 = Debug|Any CPU
		{A5A9A968-A461-04B9-5E16-0970C3340F67}.Release|Any CPU.ActiveCfg = Release|Any CPU
		{A5A9A968-A461-04B9-5E16-0970C3340F67}.Release|Any CPU.Build.0 = Release|Any CPU
		{A1156EC3-8E98-737B-7257-54A606A15DB7}.Debug|Any CPU.ActiveCfg = Debug|Any CPU
		{A1156EC3-8E98-737B-7257-54A606A15DB7}.Debug|Any CPU.Build.0 = Debug|Any CPU
		{A1156EC3-8E98-737B-7257-54A606A15DB7}.Release|Any CPU.ActiveCfg = Release|Any CPU
		{A1156EC3-8E98-737B-7257-54A606A15DB7}.Release|Any CPU.Build.0 = Release|Any CPU
		{0B1FC63C-9A11-0A60-BFDE-C6792CE3D707}.Debug|Any CPU.ActiveCfg = Debug|Any CPU
		{0B1FC63C-9A11-0A60-BFDE-C6792CE3D707}.Debug|Any CPU.Build.0 = Debug|Any CPU
		{0B1FC63C-9A11-0A60-BFDE-C6792CE3D707}.Release|Any CPU.ActiveCfg = Release|Any CPU
		{0B1FC63C-9A11-0A60-BFDE-C6792CE3D707}.Release|Any CPU.Build.0 = Release|Any CPU
		{237B4CF0-797A-3439-4812-9C0BC5D1D203}.Debug|Any CPU.ActiveCfg = Debug|Any CPU
		{237B4CF0-797A-3439-4812-9C0BC5D1D203}.Debug|Any CPU.Build.0 = Debug|Any CPU
		{237B4CF0-797A-3439-4812-9C0BC5D1D203}.Release|Any CPU.ActiveCfg = Release|Any CPU
		{237B4CF0-797A-3439-4812-9C0BC5D1D203}.Release|Any CPU.Build.0 = Release|Any CPU
		{D9A4DE62-7BD7-BD63-4F3B-6D67A64DAE2D}.Debug|Any CPU.ActiveCfg = Debug|Any CPU
		{D9A4DE62-7BD7-BD63-4F3B-6D67A64DAE2D}.Debug|Any CPU.Build.0 = Debug|Any CPU
		{D9A4DE62-7BD7-BD63-4F3B-6D67A64DAE2D}.Release|Any CPU.ActiveCfg = Release|Any CPU
		{D9A4DE62-7BD7-BD63-4F3B-6D67A64DAE2D}.Release|Any CPU.Build.0 = Release|Any CPU
	EndGlobalSection
	GlobalSection(SolutionProperties) = preSolution
		HideSolutionNode = FALSE
	EndGlobalSection
	GlobalSection(MonoDevelopProperties) = preSolution
		StartupItem = Assembly-CSharp.csproj
	EndGlobalSection
EndGlobal
